// !$*UTF8*$!
{
	archiveVersion = 1;
	classes = {
	};
	objectVersion = 50;
	objects = {

/* Begin PBXBuildFile section */
		6560F8242285DBDF00ADA839 /* treeprint.cpp in Sources */ = {isa = PBXBuildFile; fileRef = 6560F8212285DBDE00ADA839 /* treeprint.cpp */; };
		6560F8252285DBDF00ADA839 /* tree.cpp in Sources */ = {isa = PBXBuildFile; fileRef = 6560F8222285DBDF00ADA839 /* tree.cpp */; };
		6560F8262285DBDF00ADA839 /* treeDriver.cpp in Sources */ = {isa = PBXBuildFile; fileRef = 6560F8232285DBDF00ADA839 /* treeDriver.cpp */; };
		6560F8292285DE2400ADA839 /* libnowic.a in Frameworks */ = {isa = PBXBuildFile; fileRef = 6560F8282285DE2400ADA839 /* libnowic.a */; };
/* End PBXBuildFile section */

/* Begin PBXCopyFilesBuildPhase section */
		650D033C2285C703001F8546 /* CopyFiles */ = {
			isa = PBXCopyFilesBuildPhase;
			buildActionMask = 2147483647;
			dstPath = /usr/share/man/man1/;
			dstSubfolderSpec = 0;
			files = (
			);
			runOnlyForDeploymentPostprocessing = 1;
		};
/* End PBXCopyFilesBuildPhase section */

/* Begin PBXFileReference section */
		650D033E2285C703001F8546 /* pset_tree */ = {isa = PBXFileReference; explicitFileType = "compiled.mach-o.executable"; includeInIndex = 0; path = pset_tree; sourceTree = BUILT_PRODUCTS_DIR; };
		6560F8212285DBDE00ADA839 /* treeprint.cpp */ = {isa = PBXFileReference; fileEncoding = 4; lastKnownFileType = sourcecode.cpp.cpp; name = treeprint.cpp; path = ../treeprint.cpp; sourceTree = "<group>"; };
		6560F8222285DBDF00ADA839 /* tree.cpp */ = {isa = PBXFileReference; fileEncoding = 4; lastKnownFileType = sourcecode.cpp.cpp; name = tree.cpp; path = ../tree.cpp; sourceTree = "<group>"; };
		6560F8232285DBDF00ADA839 /* treeDriver.cpp */ = {isa = PBXFileReference; fileEncoding = 4; lastKnownFileType = sourcecode.cpp.cpp; name = treeDriver.cpp; path = ../treeDriver.cpp; sourceTree = "<group>"; };
		6560F8282285DE2400ADA839 /* libnowic.a */ = {isa = PBXFileReference; lastKnownFileType = archive.ar; name = libnowic.a; path = ../../../lib/libnowic.a; sourceTree = "<group>"; };
		6560F82A2285DE4600ADA839 /* nowic.lib */ = {isa = PBXFileReference; lastKnownFileType = archive.ar; name = nowic.lib; path = ../../../lib/nowic.lib; sourceTree = "<group>"; };
/* End PBXFileReference section */

/* Begin PBXFrameworksBuildPhase section */
		650D033B2285C703001F8546 /* Frameworks */ = {
			isa = PBXFrameworksBuildPhase;
			buildActionMask = 2147483647;
			files = (
				6560F8292285DE2400ADA839 /* libnowic.a in Frameworks */,
			);
			runOnlyForDeploymentPostprocessing = 0;
		};
/* End PBXFrameworksBuildPhase section */

/* Begin PBXGroup section */
		650D03352285C703001F8546 = {
			isa = PBXGroup;
			children = (
				6560F8222285DBDF00ADA839 /* tree.cpp */,
				6560F8232285DBDF00ADA839 /* treeDriver.cpp */,
				6560F8212285DBDE00ADA839 /* treeprint.cpp */,
				650D03402285C703001F8546 /* pset_tree */,
				650D033F2285C703001F8546 /* Products */,
				6560F8272285DE2400ADA839 /* Frameworks */,
			);
			sourceTree = "<group>";
		};
		650D033F2285C703001F8546 /* Products */ = {
			isa = PBXGroup;
			children = (
				650D033E2285C703001F8546 /* pset_tree */,
			);
			name = Products;
			sourceTree = "<group>";
		};
		650D03402285C703001F8546 /* pset_tree */ = {
			isa = PBXGroup;
			children = (
			);
			path = pset_tree;
			sourceTree = "<group>";
		};
		6560F8272285DE2400ADA839 /* Frameworks */ = {
			isa = PBXGroup;
			children = (
				6560F82A2285DE4600ADA839 /* nowic.lib */,
				6560F8282285DE2400ADA839 /* libnowic.a */,
			);
			name = Frameworks;
			sourceTree = "<group>";
		};
/* End PBXGroup section */

/* Begin PBXNativeTarget section */
		650D033D2285C703001F8546 /* pset_tree */ = {
			isa = PBXNativeTarget;
			buildConfigurationList = 650D03452285C704001F8546 /* Build configuration list for PBXNativeTarget "pset_tree" */;
			buildPhases = (
				650D033A2285C703001F8546 /* Sources */,
				650D033B2285C703001F8546 /* Frameworks */,
				650D033C2285C703001F8546 /* CopyFiles */,
			);
			buildRules = (
			);
			dependencies = (
			);
			name = pset_tree;
			productName = pset_tree;
			productReference = 650D033E2285C703001F8546 /* pset_tree */;
			productType = "com.apple.product-type.tool";
		};
/* End PBXNativeTarget section */

/* Begin PBXProject section */
		650D03362285C703001F8546 /* Project object */ = {
			isa = PBXProject;
			attributes = {
				LastUpgradeCheck = 1020;
				ORGANIZATIONNAME = "YEEUN LEE";
				TargetAttributes = {
					650D033D2285C703001F8546 = {
						CreatedOnToolsVersion = 10.2.1;
					};
				};
			};
			buildConfigurationList = 650D03392285C703001F8546 /* Build configuration list for PBXProject "pset_tree" */;
			compatibilityVersion = "Xcode 9.3";
			developmentRegion = en;
			hasScannedForEncodings = 0;
			knownRegions = (
				en,
			);
			mainGroup = 650D03352285C703001F8546;
			productRefGroup = 650D033F2285C703001F8546 /* Products */;
			projectDirPath = "";
			projectRoot = "";
			targets = (
				650D033D2285C703001F8546 /* pset_tree */,
			);
		};
/* End PBXProject section */

/* Begin PBXSourcesBuildPhase section */
		650D033A2285C703001F8546 /* Sources */ = {
			isa = PBXSourcesBuildPhase;
			buildActionMask = 2147483647;
			files = (
				6560F8242285DBDF00ADA839 /* treeprint.cpp in Sources */,
				6560F8252285DBDF00ADA839 /* tree.cpp in Sources */,
				6560F8262285DBDF00ADA839 /* treeDriver.cpp in Sources */,
			);
			runOnlyForDeploymentPostprocessing = 0;
		};
/* End PBXSourcesBuildPhase section */

/* Begin XCBuildConfiguration section */
		650D03432285C704001F8546 /* Debug */ = {
			isa = XCBuildConfiguration;
			buildSettings = {
				ALWAYS_SEARCH_USER_PATHS = NO;
				CLANG_ANALYZER_NONNULL = YES;
				CLANG_ANALYZER_NUMBER_OBJECT_CONVERSION = YES_AGGRESSIVE;
				CLANG_CXX_LANGUAGE_STANDARD = "gnu++14";
				CLANG_CXX_LIBRARY = "libc++";
				CLANG_ENABLE_MODULES = YES;
				CLANG_ENABLE_OBJC_ARC = YES;
				CLANG_ENABLE_OBJC_WEAK = YES;
				CLANG_WARN_BLOCK_CAPTURE_AUTORELEASING = YES;
				CLANG_WARN_BOOL_CONVERSION = YES;
				CLANG_WARN_COMMA = YES;
				CLANG_WARN_CONSTANT_CONVERSION = YES;
				CLANG_WARN_DEPRECATED_OBJC_IMPLEMENTATIONS = YES;
				CLANG_WARN_DIRECT_OBJC_ISA_USAGE = YES_ERROR;
				CLANG_WARN_DOCUMENTATION_COMMENTS = YES;
				CLANG_WARN_EMPTY_BODY = YES;
				CLANG_WARN_ENUM_CONVERSION = YES;
				CLANG_WARN_INFINITE_RECURSION = YES;
				CLANG_WARN_INT_CONVERSION = YES;
				CLANG_WARN_NON_LITERAL_NULL_CONVERSION = YES;
				CLANG_WARN_OBJC_IMPLICIT_RETAIN_SELF = YES;
				CLANG_WARN_OBJC_LITERAL_CONVERSION = YES;
				CLANG_WARN_OBJC_ROOT_CLASS = YES_ERROR;
				CLANG_WARN_RANGE_LOOP_ANALYSIS = YES;
				CLANG_WARN_STRICT_PROTOTYPES = YES;
				CLANG_WARN_SUSPICIOUS_MOVE = YES;
				CLANG_WARN_UNGUARDED_AVAILABILITY = YES_AGGRESSIVE;
				CLANG_WARN_UNREACHABLE_CODE = YES;
				CLANG_WARN__DUPLICATE_METHOD_MATCH = YES;
				CODE_SIGN_IDENTITY = "-";
				COPY_PHASE_STRIP = NO;
				DEBUG_INFORMATION_FORMAT = dwarf;
				ENABLE_STRICT_OBJC_MSGSEND = YES;
				ENABLE_TESTABILITY = YES;
				GCC_C_LANGUAGE_STANDARD = gnu11;
				GCC_DYNAMIC_NO_PIC = NO;
				GCC_NO_COMMON_BLOCKS = YES;
				GCC_OPTIMIZATION_LEVEL = 0;
				GCC_PREPROCESSOR_DEFINITIONS = (
					"DEBUG=1",
					"$(inherited)",
				);
				GCC_WARN_64_TO_32_BIT_CONVERSION = YES;
				GCC_WARN_ABOUT_RETURN_TYPE = YES_ERROR;
				GCC_WARN_UNDECLARED_SELECTOR = YES;
				GCC_WARN_UNINITIALIZED_AUTOS = YES_AGGRESSIVE;
				GCC_WARN_UNUSED_FUNCTION = YES;
				GCC_WARN_UNUSED_VARIABLE = YES;
				MACOSX_DEPLOYMENT_TARGET = 10.14;
				MTL_ENABLE_DEBUG_INFO = INCLUDE_SOURCE;
				MTL_FAST_MATH = YES;
				ONLY_ACTIVE_ARCH = YES;
				SDKROOT = macosx;
			};
			name = Debug;
		};
		650D03442285C704001F8546 /* Release */ = {
			isa = XCBuildConfiguration;
			buildSettings = {
				ALWAYS_SEARCH_USER_PATHS = NO;
				CLANG_ANALYZER_NONNULL = YES;
				CLANG_ANALYZER_NUMBER_OBJECT_CONVERSION = YES_AGGRESSIVE;
				CLANG_CXX_LANGUAGE_STANDARD = "gnu++14";
				CLANG_CXX_LIBRARY = "libc++";
				CLANG_ENABLE_MODULES = YES;
				CLANG_ENABLE_OBJC_ARC = YES;
				CLANG_ENABLE_OBJC_WEAK = YES;
				CLANG_WARN_BLOCK_CAPTURE_AUTORELEASING = YES;
				CLANG_WARN_BOOL_CONVERSION = YES;
				CLANG_WARN_COMMA = YES;
				CLANG_WARN_CONSTANT_CONVERSION = YES;
				CLANG_WARN_DEPRECATED_OBJC_IMPLEMENTATIONS = YES;
				CLANG_WARN_DIRECT_OBJC_ISA_USAGE = YES_ERROR;
				CLANG_WARN_DOCUMENTATION_COMMENTS = YES;
				CLANG_WARN_EMPTY_BODY = YES;
				CLANG_WARN_ENUM_CONVERSION = YES;
				CLANG_WARN_INFINITE_RECURSION = YES;
				CLANG_WARN_INT_CONVERSION = YES;
				CLANG_WARN_NON_LITERAL_NULL_CONVERSION = YES;
				CLANG_WARN_OBJC_IMPLICIT_RETAIN_SELF = YES;
				CLANG_WARN_OBJC_LITERAL_CONVERSION = YES;
				CLANG_WARN_OBJC_ROOT_CLASS = YES_ERROR;
				CLANG_WARN_RANGE_LOOP_ANALYSIS = YES;
				CLANG_WARN_STRICT_PROTOTYPES = YES;
				CLANG_WARN_SUSPICIOUS_MOVE = YES;
				CLANG_WARN_UNGUARDED_AVAILABILITY = YES_AGGRESSIVE;
				CLANG_WARN_UNREACHABLE_CODE = YES;
				CLANG_WARN__DUPLICATE_METHOD_MATCH = YES;
				CODE_SIGN_IDENTITY = "-";
				COPY_PHASE_STRIP = NO;
				DEBUG_INFORMATION_FORMAT = "dwarf-with-dsym";
				ENABLE_NS_ASSERTIONS = NO;
				ENABLE_STRICT_OBJC_MSGSEND = YES;
				GCC_C_LANGUAGE_STANDARD = gnu11;
				GCC_NO_COMMON_BLOCKS = YES;
				GCC_WARN_64_TO_32_BIT_CONVERSION = YES;
				GCC_WARN_ABOUT_RETURN_TYPE = YES_ERROR;
				GCC_WARN_UNDECLARED_SELECTOR = YES;
				GCC_WARN_UNINITIALIZED_AUTOS = YES_AGGRESSIVE;
				GCC_WARN_UNUSED_FUNCTION = YES;
				GCC_WARN_UNUSED_VARIABLE = YES;
				MACOSX_DEPLOYMENT_TARGET = 10.14;
				MTL_ENABLE_DEBUG_INFO = NO;
				MTL_FAST_MATH = YES;
				SDKROOT = macosx;
			};
			name = Release;
		};
		650D03462285C704001F8546 /* Debug */ = {
			isa = XCBuildConfiguration;
			buildSettings = {
				CODE_SIGN_STYLE = Automatic;
				HEADER_SEARCH_PATHS = /Users/yeeunlee/Documents/GitHub/starter/include;
				LIBRARY_SEARCH_PATHS = /Users/yeeunlee/Documents/GitHub/starter/lib;
				PRODUCT_NAME = "$(TARGET_NAME)";
			};
			name = Debug;
		};
		650D03472285C704001F8546 /* Release */ = {
			isa = XCBuildConfiguration;
			buildSettings = {
				CODE_SIGN_STYLE = Automatic;
				HEADER_SEARCH_PATHS = /Users/yeeunlee/Documents/GitHub/starter/include;
				LIBRARY_SEARCH_PATHS = /Users/yeeunlee/Documents/GitHub/starter/lib;
				PRODUCT_NAME = "$(TARGET_NAME)";
			};
			name = Release;
		};
/* End XCBuildConfiguration section */

/* Begin XCConfigurationList section */
		650D03392285C703001F8546 /* Build configuration list for PBXProject "pset_tree" */ = {
			isa = XCConfigurationList;
			buildConfigurations = (
				650D03432285C704001F8546 /* Debug */,
				650D03442285C704001F8546 /* Release */,
			);
			defaultConfigurationIsVisible = 0;
			defaultConfigurationName = Release;
		};
		650D03452285C704001F8546 /* Build configuration list for PBXNativeTarget "pset_tree" */ = {
			isa = XCConfigurationList;
			buildConfigurations = (
				650D03462285C704001F8546 /* Debug */,
				650D03472285C704001F8546 /* Release */,
			);
			defaultConfigurationIsVisible = 0;
			defaultConfigurationName = Release;
		};
/* End XCConfigurationList section */
	};
	rootObject = 650D03362285C703001F8546 /* Project object */;
}
