// !$*UTF8*$!
{
	archiveVersion = 1;
	classes = {
	};
	objectVersion = 50;
	objects = {

/* Begin PBXBuildFile section */
		65FD1EF522A3C087005A2B25 /* graphDriver.cpp in Sources */ = {isa = PBXBuildFile; fileRef = 65FD1EF422A3C087005A2B25 /* graphDriver.cpp */; };
		65FD1EF922A3C354005A2B25 /* graph.o_mac in Sources */ = {isa = PBXBuildFile; fileRef = 65FD1EF722A3C11E005A2B25 /* graph.o_mac */; };
		65FD1EFB22A3C38C005A2B25 /* libnowic.a in Frameworks */ = {isa = PBXBuildFile; fileRef = 65FD1EFA22A3C38C005A2B25 /* libnowic.a */; };
		65FD1EFC22A3C455005A2B25 /* graph.o_mac in Frameworks */ = {isa = PBXBuildFile; fileRef = 65FD1EF722A3C11E005A2B25 /* graph.o_mac */; };
/* End PBXBuildFile section */

/* Begin PBXCopyFilesBuildPhase section */
		65FD1EE822A3C056005A2B25 /* CopyFiles */ = {
			isa = PBXCopyFilesBuildPhase;
			buildActionMask = 2147483647;
			dstPath = /usr/share/man/man1/;
			dstSubfolderSpec = 0;
			files = (
			);
			runOnlyForDeploymentPostprocessing = 1;
		};
/* End PBXCopyFilesBuildPhase section */

/* Begin PBXFileReference section */
		65FD1EEA22A3C056005A2B25 /* graph */ = {isa = PBXFileReference; explicitFileType = "compiled.mach-o.executable"; includeInIndex = 0; path = graph; sourceTree = BUILT_PRODUCTS_DIR; };
		65FD1EED22A3C056005A2B25 /* main.cpp */ = {isa = PBXFileReference; lastKnownFileType = sourcecode.cpp.cpp; path = main.cpp; sourceTree = "<group>"; };
		65FD1EF422A3C087005A2B25 /* graphDriver.cpp */ = {isa = PBXFileReference; lastKnownFileType = sourcecode.cpp.cpp; name = graphDriver.cpp; path = ../graphDriver.cpp; sourceTree = "<group>"; };
		65FD1EF722A3C11E005A2B25 /* graph.o_mac */ = {isa = PBXFileReference; lastKnownFileType = "compiled.mach-o.objfile"; name = graph.o_mac; path = ../graph.o_mac; sourceTree = "<group>"; };
		65FD1EFA22A3C38C005A2B25 /* libnowic.a */ = {isa = PBXFileReference; lastKnownFileType = archive.ar; name = libnowic.a; path = ../../../lib/libnowic.a; sourceTree = "<group>"; };
		65FD1EFD22A3D300005A2B25 /* graph5.txt */ = {isa = PBXFileReference; lastKnownFileType = text; name = graph5.txt; path = ../graph5.txt; sourceTree = "<group>"; };
		65FD1EFE22A3D300005A2B25 /* graph3.txt */ = {isa = PBXFileReference; lastKnownFileType = text; name = graph3.txt; path = ../graph3.txt; sourceTree = "<group>"; };
		65FD1EFF22A3D300005A2B25 /* graph6.txt */ = {isa = PBXFileReference; lastKnownFileType = text; name = graph6.txt; path = ../graph6.txt; sourceTree = "<group>"; };
		65FD1F0022A3D300005A2B25 /* graph1.txt */ = {isa = PBXFileReference; lastKnownFileType = text; name = graph1.txt; path = ../graph1.txt; sourceTree = "<group>"; };
		65FD1F0122A3D300005A2B25 /* graph2.txt */ = {isa = PBXFileReference; lastKnownFileType = text; name = graph2.txt; path = ../graph2.txt; sourceTree = "<group>"; };
/* End PBXFileReference section */

/* Begin PBXFrameworksBuildPhase section */
		65FD1EE722A3C056005A2B25 /* Frameworks */ = {
			isa = PBXFrameworksBuildPhase;
			buildActionMask = 2147483647;
			files = (
				65FD1EFC22A3C455005A2B25 /* graph.o_mac in Frameworks */,
				65FD1EFB22A3C38C005A2B25 /* libnowic.a in Frameworks */,
			);
			runOnlyForDeploymentPostprocessing = 0;
		};
/* End PBXFrameworksBuildPhase section */

/* Begin PBXGroup section */
		65FD1EE122A3C056005A2B25 = {
			isa = PBXGroup;
			children = (
				65FD1EF422A3C087005A2B25 /* graphDriver.cpp */,
				65FD1EEC22A3C056005A2B25 /* graph */,
				65FD1EEB22A3C056005A2B25 /* Products */,
				65FD1EF622A3C11E005A2B25 /* Frameworks */,
			);
			sourceTree = "<group>";
		};
		65FD1EEB22A3C056005A2B25 /* Products */ = {
			isa = PBXGroup;
			children = (
				65FD1EEA22A3C056005A2B25 /* graph */,
			);
			name = Products;
			sourceTree = "<group>";
		};
		65FD1EEC22A3C056005A2B25 /* graph */ = {
			isa = PBXGroup;
			children = (
				65FD1EED22A3C056005A2B25 /* main.cpp */,
			);
			path = graph;
			sourceTree = "<group>";
		};
		65FD1EF622A3C11E005A2B25 /* Frameworks */ = {
			isa = PBXGroup;
			children = (
				65FD1F0022A3D300005A2B25 /* graph1.txt */,
				65FD1F0122A3D300005A2B25 /* graph2.txt */,
				65FD1EFE22A3D300005A2B25 /* graph3.txt */,
				65FD1EFD22A3D300005A2B25 /* graph5.txt */,
				65FD1EFF22A3D300005A2B25 /* graph6.txt */,
				65FD1EFA22A3C38C005A2B25 /* libnowic.a */,
				65FD1EF722A3C11E005A2B25 /* graph.o_mac */,
			);
			name = Frameworks;
			sourceTree = "<group>";
		};
/* End PBXGroup section */

/* Begin PBXNativeTarget section */
		65FD1EE922A3C056005A2B25 /* graph */ = {
			isa = PBXNativeTarget;
			buildConfigurationList = 65FD1EF122A3C056005A2B25 /* Build configuration list for PBXNativeTarget "graph" */;
			buildPhases = (
				65FD1EE622A3C056005A2B25 /* Sources */,
				65FD1EE722A3C056005A2B25 /* Frameworks */,
				65FD1EE822A3C056005A2B25 /* CopyFiles */,
			);
			buildRules = (
			);
			dependencies = (
			);
			name = graph;
			productName = graph;
			productReference = 65FD1EEA22A3C056005A2B25 /* graph */;
			productType = "com.apple.product-type.tool";
		};
/* End PBXNativeTarget section */

/* Begin PBXProject section */
		65FD1EE222A3C056005A2B25 /* Project object */ = {
			isa = PBXProject;
			attributes = {
				LastUpgradeCheck = 1020;
				ORGANIZATIONNAME = "YEEUN LEE";
				TargetAttributes = {
					65FD1EE922A3C056005A2B25 = {
						CreatedOnToolsVersion = 10.2.1;
					};
				};
			};
			buildConfigurationList = 65FD1EE522A3C056005A2B25 /* Build configuration list for PBXProject "graph" */;
			compatibilityVersion = "Xcode 9.3";
			developmentRegion = en;
			hasScannedForEncodings = 0;
			knownRegions = (
				en,
			);
			mainGroup = 65FD1EE122A3C056005A2B25;
			productRefGroup = 65FD1EEB22A3C056005A2B25 /* Products */;
			projectDirPath = "";
			projectRoot = "";
			targets = (
				65FD1EE922A3C056005A2B25 /* graph */,
			);
		};
/* End PBXProject section */

/* Begin PBXSourcesBuildPhase section */
		65FD1EE622A3C056005A2B25 /* Sources */ = {
			isa = PBXSourcesBuildPhase;
			buildActionMask = 2147483647;
			files = (
				65FD1EF922A3C354005A2B25 /* graph.o_mac in Sources */,
				65FD1EF522A3C087005A2B25 /* graphDriver.cpp in Sources */,
			);
			runOnlyForDeploymentPostprocessing = 0;
		};
/* End PBXSourcesBuildPhase section */

/* Begin XCBuildConfiguration section */
		65FD1EEF22A3C056005A2B25 /* Debug */ = {
			isa = XCBuildConfiguration;
			buildSettings = {
				ALWAYS_SEARCH_USER_PATHS = NO;
				CLANG_ANALYZER_NONNULL = YES;
				CLANG_ANALYZER_NUMBER_OBJECT_CONVERSION = YES_AGGRESSIVE;
				CLANG_CXX_LANGUAGE_STANDARD = "gnu++14";
				CLANG_CXX_LIBRARY = "libc++";
				CLANG_ENABLE_MODULES = YES;
				CLANG_ENABLE_OBJC_ARC = YES;
				CLANG_ENABLE_OBJC_WEAK = YES;
				CLANG_WARN_BLOCK_CAPTURE_AUTORELEASING = YES;
				CLANG_WARN_BOOL_CONVERSION = YES;
				CLANG_WARN_COMMA = YES;
				CLANG_WARN_CONSTANT_CONVERSION = YES;
				CLANG_WARN_DEPRECATED_OBJC_IMPLEMENTATIONS = YES;
				CLANG_WARN_DIRECT_OBJC_ISA_USAGE = YES_ERROR;
				CLANG_WARN_DOCUMENTATION_COMMENTS = YES;
				CLANG_WARN_EMPTY_BODY = YES;
				CLANG_WARN_ENUM_CONVERSION = YES;
				CLANG_WARN_INFINITE_RECURSION = YES;
				CLANG_WARN_INT_CONVERSION = YES;
				CLANG_WARN_NON_LITERAL_NULL_CONVERSION = YES;
				CLANG_WARN_OBJC_IMPLICIT_RETAIN_SELF = YES;
				CLANG_WARN_OBJC_LITERAL_CONVERSION = YES;
				CLANG_WARN_OBJC_ROOT_CLASS = YES_ERROR;
				CLANG_WARN_RANGE_LOOP_ANALYSIS = YES;
				CLANG_WARN_STRICT_PROTOTYPES = YES;
				CLANG_WARN_SUSPICIOUS_MOVE = YES;
				CLANG_WARN_UNGUARDED_AVAILABILITY = YES_AGGRESSIVE;
				CLANG_WARN_UNREACHABLE_CODE = YES;
				CLANG_WARN__DUPLICATE_METHOD_MATCH = YES;
				CODE_SIGN_IDENTITY = "-";
				COPY_PHASE_STRIP = NO;
				DEBUG_INFORMATION_FORMAT = dwarf;
				ENABLE_STRICT_OBJC_MSGSEND = YES;
				ENABLE_TESTABILITY = YES;
				GCC_C_LANGUAGE_STANDARD = gnu11;
				GCC_DYNAMIC_NO_PIC = NO;
				GCC_NO_COMMON_BLOCKS = YES;
				GCC_OPTIMIZATION_LEVEL = 0;
				GCC_PREPROCESSOR_DEFINITIONS = (
					"DEBUG=1",
					"$(inherited)",
				);
				GCC_WARN_64_TO_32_BIT_CONVERSION = YES;
				GCC_WARN_ABOUT_RETURN_TYPE = YES_ERROR;
				GCC_WARN_UNDECLARED_SELECTOR = YES;
				GCC_WARN_UNINITIALIZED_AUTOS = YES_AGGRESSIVE;
				GCC_WARN_UNUSED_FUNCTION = YES;
				GCC_WARN_UNUSED_VARIABLE = YES;
				MACOSX_DEPLOYMENT_TARGET = 10.14;
				MTL_ENABLE_DEBUG_INFO = INCLUDE_SOURCE;
				MTL_FAST_MATH = YES;
				ONLY_ACTIVE_ARCH = YES;
				SDKROOT = macosx;
			};
			name = Debug;
		};
		65FD1EF022A3C056005A2B25 /* Release */ = {
			isa = XCBuildConfiguration;
			buildSettings = {
				ALWAYS_SEARCH_USER_PATHS = NO;
				CLANG_ANALYZER_NONNULL = YES;
				CLANG_ANALYZER_NUMBER_OBJECT_CONVERSION = YES_AGGRESSIVE;
				CLANG_CXX_LANGUAGE_STANDARD = "gnu++14";
				CLANG_CXX_LIBRARY = "libc++";
				CLANG_ENABLE_MODULES = YES;
				CLANG_ENABLE_OBJC_ARC = YES;
				CLANG_ENABLE_OBJC_WEAK = YES;
				CLANG_WARN_BLOCK_CAPTURE_AUTORELEASING = YES;
				CLANG_WARN_BOOL_CONVERSION = YES;
				CLANG_WARN_COMMA = YES;
				CLANG_WARN_CONSTANT_CONVERSION = YES;
				CLANG_WARN_DEPRECATED_OBJC_IMPLEMENTATIONS = YES;
				CLANG_WARN_DIRECT_OBJC_ISA_USAGE = YES_ERROR;
				CLANG_WARN_DOCUMENTATION_COMMENTS = YES;
				CLANG_WARN_EMPTY_BODY = YES;
				CLANG_WARN_ENUM_CONVERSION = YES;
				CLANG_WARN_INFINITE_RECURSION = YES;
				CLANG_WARN_INT_CONVERSION = YES;
				CLANG_WARN_NON_LITERAL_NULL_CONVERSION = YES;
				CLANG_WARN_OBJC_IMPLICIT_RETAIN_SELF = YES;
				CLANG_WARN_OBJC_LITERAL_CONVERSION = YES;
				CLANG_WARN_OBJC_ROOT_CLASS = YES_ERROR;
				CLANG_WARN_RANGE_LOOP_ANALYSIS = YES;
				CLANG_WARN_STRICT_PROTOTYPES = YES;
				CLANG_WARN_SUSPICIOUS_MOVE = YES;
				CLANG_WARN_UNGUARDED_AVAILABILITY = YES_AGGRESSIVE;
				CLANG_WARN_UNREACHABLE_CODE = YES;
				CLANG_WARN__DUPLICATE_METHOD_MATCH = YES;
				CODE_SIGN_IDENTITY = "-";
				COPY_PHASE_STRIP = NO;
				DEBUG_INFORMATION_FORMAT = "dwarf-with-dsym";
				ENABLE_NS_ASSERTIONS = NO;
				ENABLE_STRICT_OBJC_MSGSEND = YES;
				GCC_C_LANGUAGE_STANDARD = gnu11;
				GCC_NO_COMMON_BLOCKS = YES;
				GCC_WARN_64_TO_32_BIT_CONVERSION = YES;
				GCC_WARN_ABOUT_RETURN_TYPE = YES_ERROR;
				GCC_WARN_UNDECLARED_SELECTOR = YES;
				GCC_WARN_UNINITIALIZED_AUTOS = YES_AGGRESSIVE;
				GCC_WARN_UNUSED_FUNCTION = YES;
				GCC_WARN_UNUSED_VARIABLE = YES;
				MACOSX_DEPLOYMENT_TARGET = 10.14;
				MTL_ENABLE_DEBUG_INFO = NO;
				MTL_FAST_MATH = YES;
				SDKROOT = macosx;
			};
			name = Release;
		};
		65FD1EF222A3C056005A2B25 /* Debug */ = {
			isa = XCBuildConfiguration;
			buildSettings = {
				CODE_SIGN_STYLE = Automatic;
				HEADER_SEARCH_PATHS = /Users/yeeunlee/Documents/GitHub/starter/include;
				LIBRARY_SEARCH_PATHS = /Users/yeeunlee/Documents/GitHub/starter/lib;
				PRODUCT_NAME = "$(TARGET_NAME)";
			};
			name = Debug;
		};
		65FD1EF322A3C056005A2B25 /* Release */ = {
			isa = XCBuildConfiguration;
			buildSettings = {
				CODE_SIGN_STYLE = Automatic;
				HEADER_SEARCH_PATHS = /Users/yeeunlee/Documents/GitHub/starter/include;
				LIBRARY_SEARCH_PATHS = /Users/yeeunlee/Documents/GitHub/starter/lib;
				PRODUCT_NAME = "$(TARGET_NAME)";
			};
			name = Release;
		};
/* End XCBuildConfiguration section */

/* Begin XCConfigurationList section */
		65FD1EE522A3C056005A2B25 /* Build configuration list for PBXProject "graph" */ = {
			isa = XCConfigurationList;
			buildConfigurations = (
				65FD1EEF22A3C056005A2B25 /* Debug */,
				65FD1EF022A3C056005A2B25 /* Release */,
			);
			defaultConfigurationIsVisible = 0;
			defaultConfigurationName = Release;
		};
		65FD1EF122A3C056005A2B25 /* Build configuration list for PBXNativeTarget "graph" */ = {
			isa = XCConfigurationList;
			buildConfigurations = (
				65FD1EF222A3C056005A2B25 /* Debug */,
				65FD1EF322A3C056005A2B25 /* Release */,
			);
			defaultConfigurationIsVisible = 0;
			defaultConfigurationName = Release;
		};
/* End XCConfigurationList section */
	};
	rootObject = 65FD1EE222A3C056005A2B25 /* Project object */;
}
